
Microsoft Visual Studio Solution File, Format Version 12.00
# Visual Studio Version 16
VisualStudioVersion = 16.0.30225.117
MinimumVisualStudioVersion = 10.0.40219.1
Project("{FAE04EC0-301F-11D3-BF4B-00C04F79EFBC}") = "assignment03", "assignment03\assignment03.csproj", "{8D220DAD-073A-48FD-8E9B-17F0C0D983AF}"
EndProject
Global
	GlobalSection(SolutionConfigurationPlatforms) = preSolution
		Debug|Any CPU = Debug|Any CPU
		Release|Any CPU = Release|Any CPU
	EndGlobalSection
	GlobalSection(ProjectConfigurationPlatforms) = postSolution
		{8D220DAD-073A-48FD-8E9B-17F0C0D983AF}.Debug|Any CPU.ActiveCfg = Debug|Any CPU
		{8D220DAD-073A-48FD-8E9B-17F0C0D983AF}.Debug|Any CPU.Build.0 = Debug|Any CPU
		{8D220DAD-073A-48FD-8E9B-17F0C0D983AF}.Release|Any CPU.ActiveCfg = Release|Any CPU
		{8D220DAD-073A-48FD-8E9B-17F0C0D983AF}.Release|Any CPU.Build.0 = Release|Any CPU
	EndGlobalSection
	GlobalSection(SolutionProperties) = preSolution
		HideSolutionNode = FALSE
	EndGlobalSection
	GlobalSection(ExtensibilityGlobals) = postSolution
		SolutionGuid = {22F2A184-C062-4D5A-A350-47CF973C9089}
	EndGlobalSection
EndGlobal
